
Microsoft Visual Studio Solution File, Format Version 12.00
# Visual Studio Version 17
VisualStudioVersion = 17.9.34728.123
MinimumVisualStudioVersion = 10.0.40219.1
Project("{FAE04EC0-301F-11D3-BF4B-00C04F79EFBC}") = "Seccion7.5_miembros_forma_expresion", "Seccion7.5_miembros_forma_expresion\Seccion7.5_miembros_forma_expresion.csproj", "{438F0404-0AFA-4766-A269-DF9B222CC11D}"
EndProject
Global
	GlobalSection(SolutionConfigurationPlatforms) = preSolution
		Debug|Any CPU = Debug|Any CPU
		Release|Any CPU = Release|Any CPU
	EndGlobalSection
	GlobalSection(ProjectConfigurationPlatforms) = postSolution
		{438F0404-0AFA-4766-A269-DF9B222CC11D}.Debug|Any CPU.ActiveCfg = Debug|Any CPU
		{438F0404-0AFA-4766-A269-DF9B222CC11D}.Debug|Any CPU.Build.0 = Debug|Any CPU
		{438F0404-0AFA-4766-A269-DF9B222CC11D}.Release|Any CPU.ActiveCfg = Release|Any CPU
		{438F0404-0AFA-4766-A269-DF9B222CC11D}.Release|Any CPU.Build.0 = Release|Any CPU
	EndGlobalSection
	GlobalSection(SolutionProperties) = preSolution
		HideSolutionNode = FALSE
	EndGlobalSection
	GlobalSection(ExtensibilityGlobals) = postSolution
		SolutionGuid = {6D82484D-341C-4FF4-BAD8-B4CAAE42F448}
	EndGlobalSection
EndGlobal
