
Microsoft Visual Studio Solution File, Format Version 12.00
# Visual Studio Version 17
VisualStudioVersion = 17.9.34714.143
MinimumVisualStudioVersion = 10.0.40219.1
Project("{FAE04EC0-301F-11D3-BF4B-00C04F79EFBC}") = "Seccion6.5_ejercicio_matriz_mult", "Seccion6.5_ejercicio_matriz_mult\Seccion6.5_ejercicio_matriz_mult.csproj", "{2EBF9D10-F0D9-4683-8553-CEA4F7661D72}"
EndProject
Global
	GlobalSection(SolutionConfigurationPlatforms) = preSolution
		Debug|Any CPU = Debug|Any CPU
		Release|Any CPU = Release|Any CPU
	EndGlobalSection
	GlobalSection(ProjectConfigurationPlatforms) = postSolution
		{2EBF9D10-F0D9-4683-8553-CEA4F7661D72}.Debug|Any CPU.ActiveCfg = Debug|Any CPU
		{2EBF9D10-F0D9-4683-8553-CEA4F7661D72}.Debug|Any CPU.Build.0 = Debug|Any CPU
		{2EBF9D10-F0D9-4683-8553-CEA4F7661D72}.Release|Any CPU.ActiveCfg = Release|Any CPU
		{2EBF9D10-F0D9-4683-8553-CEA4F7661D72}.Release|Any CPU.Build.0 = Release|Any CPU
	EndGlobalSection
	GlobalSection(SolutionProperties) = preSolution
		HideSolutionNode = FALSE
	EndGlobalSection
	GlobalSection(ExtensibilityGlobals) = postSolution
		SolutionGuid = {999B41C9-A09B-4C19-AF24-7687B322DE19}
	EndGlobalSection
EndGlobal
