
Microsoft Visual Studio Solution File, Format Version 12.00
# Visual Studio Version 17
VisualStudioVersion = 17.7.34202.233
MinimumVisualStudioVersion = 10.0.40219.1
Project("{FAE04EC0-301F-11D3-BF4B-00C04F79EFBC}") = "seccion2", "seccion2\seccion2.csproj", "{AAB6A9E7-557B-49C2-B299-CA00231AA91D}"
EndProject
Global
	GlobalSection(SolutionConfigurationPlatforms) = preSolution
		Debug|Any CPU = Debug|Any CPU
		Release|Any CPU = Release|Any CPU
	EndGlobalSection
	GlobalSection(ProjectConfigurationPlatforms) = postSolution
		{AAB6A9E7-557B-49C2-B299-CA00231AA91D}.Debug|Any CPU.ActiveCfg = Debug|Any CPU
		{AAB6A9E7-557B-49C2-B299-CA00231AA91D}.Debug|Any CPU.Build.0 = Debug|Any CPU
		{AAB6A9E7-557B-49C2-B299-CA00231AA91D}.Release|Any CPU.ActiveCfg = Release|Any CPU
		{AAB6A9E7-557B-49C2-B299-CA00231AA91D}.Release|Any CPU.Build.0 = Release|Any CPU
	EndGlobalSection
	GlobalSection(SolutionProperties) = preSolution
		HideSolutionNode = FALSE
	EndGlobalSection
	GlobalSection(ExtensibilityGlobals) = postSolution
		SolutionGuid = {AE8FA28D-AAFF-4788-9FF6-5CEBFA47DA8E}
	EndGlobalSection
EndGlobal
