
Microsoft Visual Studio Solution File, Format Version 12.00
# Visual Studio Version 17
VisualStudioVersion = 17.9.34714.143
MinimumVisualStudioVersion = 10.0.40219.1
Project("{FAE04EC0-301F-11D3-BF4B-00C04F79EFBC}") = "seccion6.3_Matrices_multidimencionales", "seccion6.3_Matrices_multidimencionales\seccion6.3_Matrices_multidimencionales.csproj", "{E62B1F23-B736-4059-A829-C461C0A1CC39}"
EndProject
Global
	GlobalSection(SolutionConfigurationPlatforms) = preSolution
		Debug|Any CPU = Debug|Any CPU
		Release|Any CPU = Release|Any CPU
	EndGlobalSection
	GlobalSection(ProjectConfigurationPlatforms) = postSolution
		{E62B1F23-B736-4059-A829-C461C0A1CC39}.Debug|Any CPU.ActiveCfg = Debug|Any CPU
		{E62B1F23-B736-4059-A829-C461C0A1CC39}.Debug|Any CPU.Build.0 = Debug|Any CPU
		{E62B1F23-B736-4059-A829-C461C0A1CC39}.Release|Any CPU.ActiveCfg = Release|Any CPU
		{E62B1F23-B736-4059-A829-C461C0A1CC39}.Release|Any CPU.Build.0 = Release|Any CPU
	EndGlobalSection
	GlobalSection(SolutionProperties) = preSolution
		HideSolutionNode = FALSE
	EndGlobalSection
	GlobalSection(ExtensibilityGlobals) = postSolution
		SolutionGuid = {A35F5A77-D1B0-4D1C-92BB-142139552933}
	EndGlobalSection
EndGlobal
