
Microsoft Visual Studio Solution File, Format Version 12.00
# Visual Studio Version 17
VisualStudioVersion = 17.9.34728.123
MinimumVisualStudioVersion = 10.0.40219.1
Project("{FAE04EC0-301F-11D3-BF4B-00C04F79EFBC}") = "seccion7.8_sobrecargar_un_metodo", "seccion7.8_sobrecargar_un_metodo\seccion7.8_sobrecargar_un_metodo.csproj", "{464DEC30-71EF-42A3-A6DA-0877D0FDD086}"
EndProject
Global
	GlobalSection(SolutionConfigurationPlatforms) = preSolution
		Debug|Any CPU = Debug|Any CPU
		Release|Any CPU = Release|Any CPU
	EndGlobalSection
	GlobalSection(ProjectConfigurationPlatforms) = postSolution
		{464DEC30-71EF-42A3-A6DA-0877D0FDD086}.Debug|Any CPU.ActiveCfg = Debug|Any CPU
		{464DEC30-71EF-42A3-A6DA-0877D0FDD086}.Debug|Any CPU.Build.0 = Debug|Any CPU
		{464DEC30-71EF-42A3-A6DA-0877D0FDD086}.Release|Any CPU.ActiveCfg = Release|Any CPU
		{464DEC30-71EF-42A3-A6DA-0877D0FDD086}.Release|Any CPU.Build.0 = Release|Any CPU
	EndGlobalSection
	GlobalSection(SolutionProperties) = preSolution
		HideSolutionNode = FALSE
	EndGlobalSection
	GlobalSection(ExtensibilityGlobals) = postSolution
		SolutionGuid = {CC91BDDB-56ED-42ED-A4B3-16EA85281E33}
	EndGlobalSection
EndGlobal
