
Microsoft Visual Studio Solution File, Format Version 12.00
# Visual Studio Version 17
VisualStudioVersion = 17.9.34714.143
MinimumVisualStudioVersion = 10.0.40219.1
Project("{FAE04EC0-301F-11D3-BF4B-00C04F79EFBC}") = "seccion6.9_matriz_ pasar_como_argu", "seccion6.9_matriz_ pasar_como_argu\seccion6.9_matriz_ pasar_como_argu.csproj", "{2AF09448-B255-451D-85C4-6D3E2F0FE299}"
EndProject
Global
	GlobalSection(SolutionConfigurationPlatforms) = preSolution
		Debug|Any CPU = Debug|Any CPU
		Release|Any CPU = Release|Any CPU
	EndGlobalSection
	GlobalSection(ProjectConfigurationPlatforms) = postSolution
		{2AF09448-B255-451D-85C4-6D3E2F0FE299}.Debug|Any CPU.ActiveCfg = Debug|Any CPU
		{2AF09448-B255-451D-85C4-6D3E2F0FE299}.Debug|Any CPU.Build.0 = Debug|Any CPU
		{2AF09448-B255-451D-85C4-6D3E2F0FE299}.Release|Any CPU.ActiveCfg = Release|Any CPU
		{2AF09448-B255-451D-85C4-6D3E2F0FE299}.Release|Any CPU.Build.0 = Release|Any CPU
	EndGlobalSection
	GlobalSection(SolutionProperties) = preSolution
		HideSolutionNode = FALSE
	EndGlobalSection
	GlobalSection(ExtensibilityGlobals) = postSolution
		SolutionGuid = {40584CD2-D56E-4BF6-A764-975F0256E6EF}
	EndGlobalSection
EndGlobal
