
Microsoft Visual Studio Solution File, Format Version 12.00
# Visual Studio Version 17
VisualStudioVersion = 17.9.34714.143
MinimumVisualStudioVersion = 10.0.40219.1
Project("{FAE04EC0-301F-11D3-BF4B-00C04F79EFBC}") = "seccuin6.7_ejericico_matri_escalon", "seccuin6.7_ejericico_matri_escalon\seccuin6.7_ejericico_matri_escalon.csproj", "{82E07475-8DA8-4C92-8BB5-C69AF2DEF7B4}"
EndProject
Global
	GlobalSection(SolutionConfigurationPlatforms) = preSolution
		Debug|Any CPU = Debug|Any CPU
		Release|Any CPU = Release|Any CPU
	EndGlobalSection
	GlobalSection(ProjectConfigurationPlatforms) = postSolution
		{82E07475-8DA8-4C92-8BB5-C69AF2DEF7B4}.Debug|Any CPU.ActiveCfg = Debug|Any CPU
		{82E07475-8DA8-4C92-8BB5-C69AF2DEF7B4}.Debug|Any CPU.Build.0 = Debug|Any CPU
		{82E07475-8DA8-4C92-8BB5-C69AF2DEF7B4}.Release|Any CPU.ActiveCfg = Release|Any CPU
		{82E07475-8DA8-4C92-8BB5-C69AF2DEF7B4}.Release|Any CPU.Build.0 = Release|Any CPU
	EndGlobalSection
	GlobalSection(SolutionProperties) = preSolution
		HideSolutionNode = FALSE
	EndGlobalSection
	GlobalSection(ExtensibilityGlobals) = postSolution
		SolutionGuid = {6453BF60-91E1-475A-95C0-FC2AA45B8491}
	EndGlobalSection
EndGlobal
