
Microsoft Visual Studio Solution File, Format Version 12.00
# Visual Studio Version 17
VisualStudioVersion = 17.9.34714.143
MinimumVisualStudioVersion = 10.0.40219.1
Project("{FAE04EC0-301F-11D3-BF4B-00C04F79EFBC}") = "seccion7.2_pasar x ref vs pasar x val", "seccion7.2_pasar x ref vs pasar x val\seccion7.2_pasar x ref vs pasar x val.csproj", "{25B39740-8497-4C16-9F96-FB691BC4D47E}"
EndProject
Global
	GlobalSection(SolutionConfigurationPlatforms) = preSolution
		Debug|Any CPU = Debug|Any CPU
		Release|Any CPU = Release|Any CPU
	EndGlobalSection
	GlobalSection(ProjectConfigurationPlatforms) = postSolution
		{25B39740-8497-4C16-9F96-FB691BC4D47E}.Debug|Any CPU.ActiveCfg = Debug|Any CPU
		{25B39740-8497-4C16-9F96-FB691BC4D47E}.Debug|Any CPU.Build.0 = Debug|Any CPU
		{25B39740-8497-4C16-9F96-FB691BC4D47E}.Release|Any CPU.ActiveCfg = Release|Any CPU
		{25B39740-8497-4C16-9F96-FB691BC4D47E}.Release|Any CPU.Build.0 = Release|Any CPU
	EndGlobalSection
	GlobalSection(SolutionProperties) = preSolution
		HideSolutionNode = FALSE
	EndGlobalSection
	GlobalSection(ExtensibilityGlobals) = postSolution
		SolutionGuid = {61A7ADA2-E702-442B-9C24-77BF69D6AA22}
	EndGlobalSection
EndGlobal
