
Microsoft Visual Studio Solution File, Format Version 12.00
# Visual Studio Version 17
VisualStudioVersion = 17.9.34728.123
MinimumVisualStudioVersion = 10.0.40219.1
Project("{FAE04EC0-301F-11D3-BF4B-00C04F79EFBC}") = "seecion7.3_metodo_static", "seecion7.3_metodo_static\seecion7.3_metodo_static.csproj", "{8890DA24-1AD7-48C8-9C93-1F6B0ED8179D}"
EndProject
Global
	GlobalSection(SolutionConfigurationPlatforms) = preSolution
		Debug|Any CPU = Debug|Any CPU
		Release|Any CPU = Release|Any CPU
	EndGlobalSection
	GlobalSection(ProjectConfigurationPlatforms) = postSolution
		{8890DA24-1AD7-48C8-9C93-1F6B0ED8179D}.Debug|Any CPU.ActiveCfg = Debug|Any CPU
		{8890DA24-1AD7-48C8-9C93-1F6B0ED8179D}.Debug|Any CPU.Build.0 = Debug|Any CPU
		{8890DA24-1AD7-48C8-9C93-1F6B0ED8179D}.Release|Any CPU.ActiveCfg = Release|Any CPU
		{8890DA24-1AD7-48C8-9C93-1F6B0ED8179D}.Release|Any CPU.Build.0 = Release|Any CPU
	EndGlobalSection
	GlobalSection(SolutionProperties) = preSolution
		HideSolutionNode = FALSE
	EndGlobalSection
	GlobalSection(ExtensibilityGlobals) = postSolution
		SolutionGuid = {E987F6E5-D605-44ED-8E60-1D75E92451B6}
	EndGlobalSection
EndGlobal
